
Microsoft Visual Studio Solution File, Format Version 12.00
# Visual Studio Version 17
VisualStudioVersion = 17.5.33627.172
MinimumVisualStudioVersion = 10.0.40219.1
Project("{FAE04EC0-301F-11D3-BF4B-00C04F79EFBC}") = "MyProject_Data", "MyProject_Data\MyProject_Data.csproj", "{6B634E09-8B5D-4E34-93CA-F61035DF2537}"
EndProject
Global
	GlobalSection(SolutionConfigurationPlatforms) = preSolution
		Debug|Any CPU = Debug|Any CPU
		Release|Any CPU = Release|Any CPU
	EndGlobalSection
	GlobalSection(ProjectConfigurationPlatforms) = postSolution
		{6B634E09-8B5D-4E34-93CA-F61035DF2537}.Debug|Any CPU.ActiveCfg = Debug|Any CPU
		{6B634E09-8B5D-4E34-93CA-F61035DF2537}.Debug|Any CPU.Build.0 = Debug|Any CPU
		{6B634E09-8B5D-4E34-93CA-F61035DF2537}.Release|Any CPU.ActiveCfg = Release|Any CPU
		{6B634E09-8B5D-4E34-93CA-F61035DF2537}.Release|Any CPU.Build.0 = Release|Any CPU
	EndGlobalSection
	GlobalSection(SolutionProperties) = preSolution
		HideSolutionNode = FALSE
	EndGlobalSection
	GlobalSection(ExtensibilityGlobals) = postSolution
		SolutionGuid = {B79F04AF-FDF3-4AFC-A473-620AB9052AEF}
	EndGlobalSection
EndGlobal
